// !$*UTF8*$!
{
	archiveVersion = 1;
	classes = {
	};
	objectVersion = 56;
	objects = {

/* Begin PBXBuildFile section */
		D4361AC12B01F16200C436D7 /* I_m_not_mad_at_youApp.swift in Sources */ = {isa = PBXBuildFile; fileRef = D4361AC02B01F16200C436D7 /* I_m_not_mad_at_youApp.swift */; };
		D4361AC32B01F16200C436D7 /* ContentView.swift in Sources */ = {isa = PBXBuildFile; fileRef = D4361AC22B01F16200C436D7 /* ContentView.swift */; };
		D4361AC52B01F16300C436D7 /* Assets.xcassets in Resources */ = {isa = PBXBuildFile; fileRef = D4361AC42B01F16300C436D7 /* Assets.xcassets */; };
		D4361AC92B01F16300C436D7 /* Preview Assets.xcassets in Resources */ = {isa = PBXBuildFile; fileRef = D4361AC82B01F16300C436D7 /* Preview Assets.xcassets */; };
		D4BF94162B04A72D005E79BF /* GoogleService-Info.plist in Resources */ = {isa = PBXBuildFile; fileRef = D4BF94152B04A72D005E79BF /* GoogleService-Info.plist */; };
		D4BF94502B04AB71005E79BF /* FirebaseAnalytics in Frameworks */ = {isa = PBXBuildFile; productRef = D4BF944F2B04AB71005E79BF /* FirebaseAnalytics */; };
		D4BF94522B04AB71005E79BF /* FirebaseAnalyticsOnDeviceConversion in Frameworks */ = {isa = PBXBuildFile; productRef = D4BF94512B04AB71005E79BF /* FirebaseAnalyticsOnDeviceConversion */; };
		D4BF94542B04AB71005E79BF /* FirebaseAnalyticsSwift in Frameworks */ = {isa = PBXBuildFile; productRef = D4BF94532B04AB71005E79BF /* FirebaseAnalyticsSwift */; };
		D4BF94562B04AB71005E79BF /* FirebaseAnalyticsWithoutAdIdSupport in Frameworks */ = {isa = PBXBuildFile; productRef = D4BF94552B04AB71005E79BF /* FirebaseAnalyticsWithoutAdIdSupport */; };
		D4BF94582B04AB71005E79BF /* FirebaseAppCheck in Frameworks */ = {isa = PBXBuildFile; productRef = D4BF94572B04AB71005E79BF /* FirebaseAppCheck */; };
		D4BF945A2B04AB71005E79BF /* FirebaseAppDistribution-Beta in Frameworks */ = {isa = PBXBuildFile; productRef = D4BF94592B04AB71005E79BF /* FirebaseAppDistribution-Beta */; };
		D4BF945C2B04AB71005E79BF /* FirebaseAuth in Frameworks */ = {isa = PBXBuildFile; productRef = D4BF945B2B04AB71005E79BF /* FirebaseAuth */; };
		D4BF945E2B04AB71005E79BF /* FirebaseAuthCombine-Community in Frameworks */ = {isa = PBXBuildFile; productRef = D4BF945D2B04AB71005E79BF /* FirebaseAuthCombine-Community */; };
		D4BF94602B04AB71005E79BF /* FirebaseCrashlytics in Frameworks */ = {isa = PBXBuildFile; productRef = D4BF945F2B04AB71005E79BF /* FirebaseCrashlytics */; };
		D4BF94622B04AB71005E79BF /* FirebaseDatabase in Frameworks */ = {isa = PBXBuildFile; productRef = D4BF94612B04AB71005E79BF /* FirebaseDatabase */; };
		D4BF94642B04AB71005E79BF /* FirebaseDatabaseSwift in Frameworks */ = {isa = PBXBuildFile; productRef = D4BF94632B04AB71005E79BF /* FirebaseDatabaseSwift */; };
		D4BF94662B04AB71005E79BF /* FirebaseDynamicLinks in Frameworks */ = {isa = PBXBuildFile; productRef = D4BF94652B04AB71005E79BF /* FirebaseDynamicLinks */; };
		D4BF94682B04AB71005E79BF /* FirebaseFirestore in Frameworks */ = {isa = PBXBuildFile; productRef = D4BF94672B04AB71005E79BF /* FirebaseFirestore */; };
		D4BF946A2B04AB71005E79BF /* FirebaseFirestoreCombine-Community in Frameworks */ = {isa = PBXBuildFile; productRef = D4BF94692B04AB71005E79BF /* FirebaseFirestoreCombine-Community */; };
		D4BF946C2B04AB71005E79BF /* FirebaseFirestoreSwift in Frameworks */ = {isa = PBXBuildFile; productRef = D4BF946B2B04AB71005E79BF /* FirebaseFirestoreSwift */; };
		D4BF946E2B04AB71005E79BF /* FirebaseFunctions in Frameworks */ = {isa = PBXBuildFile; productRef = D4BF946D2B04AB71005E79BF /* FirebaseFunctions */; };
		D4BF94702B04AB71005E79BF /* FirebaseFunctionsCombine-Community in Frameworks */ = {isa = PBXBuildFile; productRef = D4BF946F2B04AB71005E79BF /* FirebaseFunctionsCombine-Community */; };
		D4BF94722B04AB71005E79BF /* FirebaseInstallations in Frameworks */ = {isa = PBXBuildFile; productRef = D4BF94712B04AB71005E79BF /* FirebaseInstallations */; };
		D4BF94742B04AB71005E79BF /* FirebaseMLModelDownloader in Frameworks */ = {isa = PBXBuildFile; productRef = D4BF94732B04AB71005E79BF /* FirebaseMLModelDownloader */; };
		D4BF94762B04AB71005E79BF /* FirebaseMessaging in Frameworks */ = {isa = PBXBuildFile; productRef = D4BF94752B04AB71005E79BF /* FirebaseMessaging */; };
		D4BF94782B04AB71005E79BF /* FirebasePerformance in Frameworks */ = {isa = PBXBuildFile; productRef = D4BF94772B04AB71005E79BF /* FirebasePerformance */; };
		D4BF947A2B04AB71005E79BF /* FirebaseRemoteConfig in Frameworks */ = {isa = PBXBuildFile; productRef = D4BF94792B04AB71005E79BF /* FirebaseRemoteConfig */; };
		D4BF947C2B04AB71005E79BF /* FirebaseRemoteConfigSwift in Frameworks */ = {isa = PBXBuildFile; productRef = D4BF947B2B04AB71005E79BF /* FirebaseRemoteConfigSwift */; };
		D4BF947E2B04AB71005E79BF /* FirebaseStorage in Frameworks */ = {isa = PBXBuildFile; productRef = D4BF947D2B04AB71005E79BF /* FirebaseStorage */; };
		D4BF94802B04AB71005E79BF /* FirebaseStorageCombine-Community in Frameworks */ = {isa = PBXBuildFile; productRef = D4BF947F2B04AB71005E79BF /* FirebaseStorageCombine-Community */; };
		D4BF94822B04AF37005E79BF /* AppDelegate.swift in Sources */ = {isa = PBXBuildFile; fileRef = D4BF94812B04AF37005E79BF /* AppDelegate.swift */; };
		D4BF94842B04BFC6005E79BF /* DataRepository.swift in Sources */ = {isa = PBXBuildFile; fileRef = D4BF94832B04BFC6005E79BF /* DataRepository.swift */; };
		D4BF94862B04BFE1005E79BF /* UserViewModel.swift in Sources */ = {isa = PBXBuildFile; fileRef = D4BF94852B04BFE1005E79BF /* UserViewModel.swift */; };
		D4BF94892B04DB89005E79BF /* GoogleSignIn in Frameworks */ = {isa = PBXBuildFile; productRef = D4BF94882B04DB89005E79BF /* GoogleSignIn */; };
		D4BF948B2B04DB89005E79BF /* GoogleSignInSwift in Frameworks */ = {isa = PBXBuildFile; productRef = D4BF948A2B04DB89005E79BF /* GoogleSignInSwift */; };
/* End PBXBuildFile section */

/* Begin PBXFileReference section */
		D4361ABD2B01F16200C436D7 /* I'm not mad at you.app */ = {isa = PBXFileReference; explicitFileType = wrapper.application; includeInIndex = 0; path = "I'm not mad at you.app"; sourceTree = BUILT_PRODUCTS_DIR; };
		D4361AC02B01F16200C436D7 /* I_m_not_mad_at_youApp.swift */ = {isa = PBXFileReference; lastKnownFileType = sourcecode.swift; path = I_m_not_mad_at_youApp.swift; sourceTree = "<group>"; };
		D4361AC22B01F16200C436D7 /* ContentView.swift */ = {isa = PBXFileReference; lastKnownFileType = sourcecode.swift; path = ContentView.swift; sourceTree = "<group>"; };
		D4361AC42B01F16300C436D7 /* Assets.xcassets */ = {isa = PBXFileReference; lastKnownFileType = folder.assetcatalog; path = Assets.xcassets; sourceTree = "<group>"; };
		D4361AC62B01F16300C436D7 /* I_m_not_mad_at_you.entitlements */ = {isa = PBXFileReference; lastKnownFileType = text.plist.entitlements; path = I_m_not_mad_at_you.entitlements; sourceTree = "<group>"; };
		D4361AC82B01F16300C436D7 /* Preview Assets.xcassets */ = {isa = PBXFileReference; lastKnownFileType = folder.assetcatalog; path = "Preview Assets.xcassets"; sourceTree = "<group>"; };
		D4BF94152B04A72D005E79BF /* GoogleService-Info.plist */ = {isa = PBXFileReference; fileEncoding = 4; lastKnownFileType = text.plist.xml; path = "GoogleService-Info.plist"; sourceTree = "<group>"; };
		D4BF94812B04AF37005E79BF /* AppDelegate.swift */ = {isa = PBXFileReference; lastKnownFileType = sourcecode.swift; path = AppDelegate.swift; sourceTree = "<group>"; };
		D4BF94832B04BFC6005E79BF /* DataRepository.swift */ = {isa = PBXFileReference; lastKnownFileType = sourcecode.swift; path = DataRepository.swift; sourceTree = "<group>"; };
		D4BF94852B04BFE1005E79BF /* UserViewModel.swift */ = {isa = PBXFileReference; lastKnownFileType = sourcecode.swift; path = UserViewModel.swift; sourceTree = "<group>"; };
/* End PBXFileReference section */

/* Begin PBXFrameworksBuildPhase section */
		D4361ABA2B01F16200C436D7 /* Frameworks */ = {
			isa = PBXFrameworksBuildPhase;
			buildActionMask = 2147483647;
			files = (
				D4BF94622B04AB71005E79BF /* FirebaseDatabase in Frameworks */,
				D4BF94702B04AB71005E79BF /* FirebaseFunctionsCombine-Community in Frameworks */,
				D4BF94682B04AB71005E79BF /* FirebaseFirestore in Frameworks */,
				D4BF94892B04DB89005E79BF /* GoogleSignIn in Frameworks */,
				D4BF94722B04AB71005E79BF /* FirebaseInstallations in Frameworks */,
				D4BF94542B04AB71005E79BF /* FirebaseAnalyticsSwift in Frameworks */,
				D4BF947E2B04AB71005E79BF /* FirebaseStorage in Frameworks */,
				D4BF94502B04AB71005E79BF /* FirebaseAnalytics in Frameworks */,
				D4BF94522B04AB71005E79BF /* FirebaseAnalyticsOnDeviceConversion in Frameworks */,
				D4BF948B2B04DB89005E79BF /* GoogleSignInSwift in Frameworks */,
				D4BF946C2B04AB71005E79BF /* FirebaseFirestoreSwift in Frameworks */,
				D4BF94582B04AB71005E79BF /* FirebaseAppCheck in Frameworks */,
				D4BF94562B04AB71005E79BF /* FirebaseAnalyticsWithoutAdIdSupport in Frameworks */,
				D4BF945C2B04AB71005E79BF /* FirebaseAuth in Frameworks */,
				D4BF947A2B04AB71005E79BF /* FirebaseRemoteConfig in Frameworks */,
				D4BF94602B04AB71005E79BF /* FirebaseCrashlytics in Frameworks */,
				D4BF94762B04AB71005E79BF /* FirebaseMessaging in Frameworks */,
				D4BF94742B04AB71005E79BF /* FirebaseMLModelDownloader in Frameworks */,
				D4BF94782B04AB71005E79BF /* FirebasePerformance in Frameworks */,
				D4BF94642B04AB71005E79BF /* FirebaseDatabaseSwift in Frameworks */,
				D4BF946E2B04AB71005E79BF /* FirebaseFunctions in Frameworks */,
				D4BF947C2B04AB71005E79BF /* FirebaseRemoteConfigSwift in Frameworks */,
				D4BF945A2B04AB71005E79BF /* FirebaseAppDistribution-Beta in Frameworks */,
				D4BF945E2B04AB71005E79BF /* FirebaseAuthCombine-Community in Frameworks */,
				D4BF94802B04AB71005E79BF /* FirebaseStorageCombine-Community in Frameworks */,
				D4BF94662B04AB71005E79BF /* FirebaseDynamicLinks in Frameworks */,
				D4BF946A2B04AB71005E79BF /* FirebaseFirestoreCombine-Community in Frameworks */,
			);
			runOnlyForDeploymentPostprocessing = 0;
		};
/* End PBXFrameworksBuildPhase section */

/* Begin PBXGroup section */
		D4361AB42B01F16200C436D7 = {
			isa = PBXGroup;
			children = (
				D4361ABF2B01F16200C436D7 /* I'm not mad at you */,
				D4361ABE2B01F16200C436D7 /* Products */,
			);
			sourceTree = "<group>";
		};
		D4361ABE2B01F16200C436D7 /* Products */ = {
			isa = PBXGroup;
			children = (
				D4361ABD2B01F16200C436D7 /* I'm not mad at you.app */,
			);
			name = Products;
			sourceTree = "<group>";
		};
		D4361ABF2B01F16200C436D7 /* I'm not mad at you */ = {
			isa = PBXGroup;
			children = (
				D4361AC02B01F16200C436D7 /* I_m_not_mad_at_youApp.swift */,
				D4361AC22B01F16200C436D7 /* ContentView.swift */,
				D4BF94812B04AF37005E79BF /* AppDelegate.swift */,
				D4361AC42B01F16300C436D7 /* Assets.xcassets */,
				D4BF94152B04A72D005E79BF /* GoogleService-Info.plist */,
				D4361AC62B01F16300C436D7 /* I_m_not_mad_at_you.entitlements */,
				D4361AC72B01F16300C436D7 /* Preview Content */,
				D4BF94832B04BFC6005E79BF /* DataRepository.swift */,
				D4BF94852B04BFE1005E79BF /* UserViewModel.swift */,
			);
			path = "I'm not mad at you";
			sourceTree = "<group>";
		};
		D4361AC72B01F16300C436D7 /* Preview Content */ = {
			isa = PBXGroup;
			children = (
				D4361AC82B01F16300C436D7 /* Preview Assets.xcassets */,
			);
			path = "Preview Content";
			sourceTree = "<group>";
		};
/* End PBXGroup section */

/* Begin PBXNativeTarget section */
		D4361ABC2B01F16200C436D7 /* I'm not mad at you */ = {
			isa = PBXNativeTarget;
			buildConfigurationList = D4361ACC2B01F16300C436D7 /* Build configuration list for PBXNativeTarget "I'm not mad at you" */;
			buildPhases = (
				D4361AB92B01F16200C436D7 /* Sources */,
				D4361ABA2B01F16200C436D7 /* Frameworks */,
				D4361ABB2B01F16200C436D7 /* Resources */,
			);
			buildRules = (
			);
			dependencies = (
			);
			name = "I'm not mad at you";
			packageProductDependencies = (
				D4BF944F2B04AB71005E79BF /* FirebaseAnalytics */,
				D4BF94512B04AB71005E79BF /* FirebaseAnalyticsOnDeviceConversion */,
				D4BF94532B04AB71005E79BF /* FirebaseAnalyticsSwift */,
				D4BF94552B04AB71005E79BF /* FirebaseAnalyticsWithoutAdIdSupport */,
				D4BF94572B04AB71005E79BF /* FirebaseAppCheck */,
				D4BF94592B04AB71005E79BF /* FirebaseAppDistribution-Beta */,
				D4BF945B2B04AB71005E79BF /* FirebaseAuth */,
				D4BF945D2B04AB71005E79BF /* FirebaseAuthCombine-Community */,
				D4BF945F2B04AB71005E79BF /* FirebaseCrashlytics */,
				D4BF94612B04AB71005E79BF /* FirebaseDatabase */,
				D4BF94632B04AB71005E79BF /* FirebaseDatabaseSwift */,
				D4BF94652B04AB71005E79BF /* FirebaseDynamicLinks */,
				D4BF94672B04AB71005E79BF /* FirebaseFirestore */,
				D4BF94692B04AB71005E79BF /* FirebaseFirestoreCombine-Community */,
				D4BF946B2B04AB71005E79BF /* FirebaseFirestoreSwift */,
				D4BF946D2B04AB71005E79BF /* FirebaseFunctions */,
				D4BF946F2B04AB71005E79BF /* FirebaseFunctionsCombine-Community */,
				D4BF94712B04AB71005E79BF /* FirebaseInstallations */,
				D4BF94732B04AB71005E79BF /* FirebaseMLModelDownloader */,
				D4BF94752B04AB71005E79BF /* FirebaseMessaging */,
				D4BF94772B04AB71005E79BF /* FirebasePerformance */,
				D4BF94792B04AB71005E79BF /* FirebaseRemoteConfig */,
				D4BF947B2B04AB71005E79BF /* FirebaseRemoteConfigSwift */,
				D4BF947D2B04AB71005E79BF /* FirebaseStorage */,
				D4BF947F2B04AB71005E79BF /* FirebaseStorageCombine-Community */,
				D4BF94882B04DB89005E79BF /* GoogleSignIn */,
				D4BF948A2B04DB89005E79BF /* GoogleSignInSwift */,
			);
			productName = "I'm not mad at you";
			productReference = D4361ABD2B01F16200C436D7 /* I'm not mad at you.app */;
			productType = "com.apple.product-type.application";
		};
/* End PBXNativeTarget section */

/* Begin PBXProject section */
		D4361AB52B01F16200C436D7 /* Project object */ = {
			isa = PBXProject;
			attributes = {
				BuildIndependentTargetsInParallel = 1;
				LastSwiftUpdateCheck = 1500;
				LastUpgradeCheck = 1500;
				TargetAttributes = {
					D4361ABC2B01F16200C436D7 = {
						CreatedOnToolsVersion = 15.0.1;
					};
				};
			};
			buildConfigurationList = D4361AB82B01F16200C436D7 /* Build configuration list for PBXProject "I'm not mad at you" */;
			compatibilityVersion = "Xcode 14.0";
			developmentRegion = en;
			hasScannedForEncodings = 0;
			knownRegions = (
				en,
				Base,
			);
			mainGroup = D4361AB42B01F16200C436D7;
			packageReferences = (
				D4BF944E2B04AB71005E79BF /* XCRemoteSwiftPackageReference "firebase-ios-sdk" */,
				D4BF94872B04DB89005E79BF /* XCRemoteSwiftPackageReference "GoogleSignIn-iOS" */,
			);
			productRefGroup = D4361ABE2B01F16200C436D7 /* Products */;
			projectDirPath = "";
			projectRoot = "";
			targets = (
				D4361ABC2B01F16200C436D7 /* I'm not mad at you */,
			);
		};
/* End PBXProject section */

/* Begin PBXResourcesBuildPhase section */
		D4361ABB2B01F16200C436D7 /* Resources */ = {
			isa = PBXResourcesBuildPhase;
			buildActionMask = 2147483647;
			files = (
				D4361AC92B01F16300C436D7 /* Preview Assets.xcassets in Resources */,
				D4361AC52B01F16300C436D7 /* Assets.xcassets in Resources */,
				D4BF94162B04A72D005E79BF /* GoogleService-Info.plist in Resources */,
			);
			runOnlyForDeploymentPostprocessing = 0;
		};
/* End PBXResourcesBuildPhase section */

/* Begin PBXSourcesBuildPhase section */
		D4361AB92B01F16200C436D7 /* Sources */ = {
			isa = PBXSourcesBuildPhase;
			buildActionMask = 2147483647;
			files = (
				D4BF94822B04AF37005E79BF /* AppDelegate.swift in Sources */,
				D4BF94842B04BFC6005E79BF /* DataRepository.swift in Sources */,
				D4361AC32B01F16200C436D7 /* ContentView.swift in Sources */,
				D4BF94862B04BFE1005E79BF /* UserViewModel.swift in Sources */,
				D4361AC12B01F16200C436D7 /* I_m_not_mad_at_youApp.swift in Sources */,
			);
			runOnlyForDeploymentPostprocessing = 0;
		};
/* End PBXSourcesBuildPhase section */

/* Begin XCBuildConfiguration section */
		D4361ACA2B01F16300C436D7 /* Debug */ = {
			isa = XCBuildConfiguration;
			buildSettings = {
				ALWAYS_SEARCH_USER_PATHS = NO;
				ASSETCATALOG_COMPILER_GENERATE_SWIFT_ASSET_SYMBOL_EXTENSIONS = YES;
				CLANG_ANALYZER_NONNULL = YES;
				CLANG_ANALYZER_NUMBER_OBJECT_CONVERSION = YES_AGGRESSIVE;
				CLANG_CXX_LANGUAGE_STANDARD = "gnu++20";
				CLANG_ENABLE_MODULES = YES;
				CLANG_ENABLE_OBJC_ARC = YES;
				CLANG_ENABLE_OBJC_WEAK = YES;
				CLANG_WARN_BLOCK_CAPTURE_AUTORELEASING = YES;
				CLANG_WARN_BOOL_CONVERSION = YES;
				CLANG_WARN_COMMA = YES;
				CLANG_WARN_CONSTANT_CONVERSION = YES;
				CLANG_WARN_DEPRECATED_OBJC_IMPLEMENTATIONS = YES;
				CLANG_WARN_DIRECT_OBJC_ISA_USAGE = YES_ERROR;
				CLANG_WARN_DOCUMENTATION_COMMENTS = YES;
				CLANG_WARN_EMPTY_BODY = YES;
				CLANG_WARN_ENUM_CONVERSION = YES;
				CLANG_WARN_INFINITE_RECURSION = YES;
				CLANG_WARN_INT_CONVERSION = YES;
				CLANG_WARN_NON_LITERAL_NULL_CONVERSION = YES;
				CLANG_WARN_OBJC_IMPLICIT_RETAIN_SELF = YES;
				CLANG_WARN_OBJC_LITERAL_CONVERSION = YES;
				CLANG_WARN_OBJC_ROOT_CLASS = YES_ERROR;
				CLANG_WARN_QUOTED_INCLUDE_IN_FRAMEWORK_HEADER = YES;
				CLANG_WARN_RANGE_LOOP_ANALYSIS = YES;
				CLANG_WARN_STRICT_PROTOTYPES = YES;
				CLANG_WARN_SUSPICIOUS_MOVE = YES;
				CLANG_WARN_UNGUARDED_AVAILABILITY = YES_AGGRESSIVE;
				CLANG_WARN_UNREACHABLE_CODE = YES;
				CLANG_WARN__DUPLICATE_METHOD_MATCH = YES;
				COPY_PHASE_STRIP = NO;
				DEBUG_INFORMATION_FORMAT = dwarf;
				ENABLE_STRICT_OBJC_MSGSEND = YES;
				ENABLE_TESTABILITY = YES;
				ENABLE_USER_SCRIPT_SANDBOXING = YES;
				GCC_C_LANGUAGE_STANDARD = gnu17;
				GCC_DYNAMIC_NO_PIC = NO;
				GCC_NO_COMMON_BLOCKS = YES;
				GCC_OPTIMIZATION_LEVEL = 0;
				GCC_PREPROCESSOR_DEFINITIONS = (
					"DEBUG=1",
					"$(inherited)",
				);
				GCC_WARN_64_TO_32_BIT_CONVERSION = YES;
				GCC_WARN_ABOUT_RETURN_TYPE = YES_ERROR;
				GCC_WARN_UNDECLARED_SELECTOR = YES;
				GCC_WARN_UNINITIALIZED_AUTOS = YES_AGGRESSIVE;
				GCC_WARN_UNUSED_FUNCTION = YES;
				GCC_WARN_UNUSED_VARIABLE = YES;
				LOCALIZATION_PREFERS_STRING_CATALOGS = YES;
				MTL_ENABLE_DEBUG_INFO = INCLUDE_SOURCE;
				MTL_FAST_MATH = YES;
				ONLY_ACTIVE_ARCH = YES;
				SWIFT_ACTIVE_COMPILATION_CONDITIONS = "DEBUG $(inherited)";
				SWIFT_OPTIMIZATION_LEVEL = "-Onone";
				WARNING_CFLAGS = "\"-w -Xanalyzer -analyzer-disable-checker -Xanalyzer com.apple.useless-coretelephony\"";
			};
			name = Debug;
		};
		D4361ACB2B01F16300C436D7 /* Release */ = {
			isa = XCBuildConfiguration;
			buildSettings = {
				ALWAYS_SEARCH_USER_PATHS = NO;
				ASSETCATALOG_COMPILER_GENERATE_SWIFT_ASSET_SYMBOL_EXTENSIONS = YES;
				CLANG_ANALYZER_NONNULL = YES;
				CLANG_ANALYZER_NUMBER_OBJECT_CONVERSION = YES_AGGRESSIVE;
				CLANG_CXX_LANGUAGE_STANDARD = "gnu++20";
				CLANG_ENABLE_MODULES = YES;
				CLANG_ENABLE_OBJC_ARC = YES;
				CLANG_ENABLE_OBJC_WEAK = YES;
				CLANG_WARN_BLOCK_CAPTURE_AUTORELEASING = YES;
				CLANG_WARN_BOOL_CONVERSION = YES;
				CLANG_WARN_COMMA = YES;
				CLANG_WARN_CONSTANT_CONVERSION = YES;
				CLANG_WARN_DEPRECATED_OBJC_IMPLEMENTATIONS = YES;
				CLANG_WARN_DIRECT_OBJC_ISA_USAGE = YES_ERROR;
				CLANG_WARN_DOCUMENTATION_COMMENTS = YES;
				CLANG_WARN_EMPTY_BODY = YES;
				CLANG_WARN_ENUM_CONVERSION = YES;
				CLANG_WARN_INFINITE_RECURSION = YES;
				CLANG_WARN_INT_CONVERSION = YES;
				CLANG_WARN_NON_LITERAL_NULL_CONVERSION = YES;
				CLANG_WARN_OBJC_IMPLICIT_RETAIN_SELF = YES;
				CLANG_WARN_OBJC_LITERAL_CONVERSION = YES;
				CLANG_WARN_OBJC_ROOT_CLASS = YES_ERROR;
				CLANG_WARN_QUOTED_INCLUDE_IN_FRAMEWORK_HEADER = YES;
				CLANG_WARN_RANGE_LOOP_ANALYSIS = YES;
				CLANG_WARN_STRICT_PROTOTYPES = YES;
				CLANG_WARN_SUSPICIOUS_MOVE = YES;
				CLANG_WARN_UNGUARDED_AVAILABILITY = YES_AGGRESSIVE;
				CLANG_WARN_UNREACHABLE_CODE = YES;
				CLANG_WARN__DUPLICATE_METHOD_MATCH = YES;
				COPY_PHASE_STRIP = NO;
				DEBUG_INFORMATION_FORMAT = "dwarf-with-dsym";
				ENABLE_NS_ASSERTIONS = NO;
				ENABLE_STRICT_OBJC_MSGSEND = YES;
				ENABLE_USER_SCRIPT_SANDBOXING = YES;
				GCC_C_LANGUAGE_STANDARD = gnu17;
				GCC_NO_COMMON_BLOCKS = YES;
				GCC_WARN_64_TO_32_BIT_CONVERSION = YES;
				GCC_WARN_ABOUT_RETURN_TYPE = YES_ERROR;
				GCC_WARN_UNDECLARED_SELECTOR = YES;
				GCC_WARN_UNINITIALIZED_AUTOS = YES_AGGRESSIVE;
				GCC_WARN_UNUSED_FUNCTION = YES;
				GCC_WARN_UNUSED_VARIABLE = YES;
				LOCALIZATION_PREFERS_STRING_CATALOGS = YES;
				MTL_ENABLE_DEBUG_INFO = NO;
				MTL_FAST_MATH = YES;
				SWIFT_COMPILATION_MODE = wholemodule;
				WARNING_CFLAGS = "\"-w -Xanalyzer -analyzer-disable-checker -Xanalyzer com.apple.useless-coretelephony\"";
			};
			name = Release;
		};
		D4361ACD2B01F16300C436D7 /* Debug */ = {
			isa = XCBuildConfiguration;
			buildSettings = {
				ASSETCATALOG_COMPILER_APPICON_NAME = AppIcon;
				ASSETCATALOG_COMPILER_GLOBAL_ACCENT_COLOR_NAME = AccentColor;
				CODE_SIGN_ENTITLEMENTS = "I'm not mad at you/I_m_not_mad_at_you.entitlements";
				CODE_SIGN_STYLE = Automatic;
				CURRENT_PROJECT_VERSION = 1;
				DEVELOPMENT_ASSET_PATHS = "\"I'm not mad at you/Preview Content\"";
				DEVELOPMENT_TEAM = G52BLHGDV4;
				ENABLE_HARDENED_RUNTIME = YES;
				ENABLE_PREVIEWS = YES;
				GENERATE_INFOPLIST_FILE = YES;
				"INFOPLIST_KEY_UIApplicationSceneManifest_Generation[sdk=iphoneos*]" = YES;
				"INFOPLIST_KEY_UIApplicationSceneManifest_Generation[sdk=iphonesimulator*]" = YES;
				"INFOPLIST_KEY_UIApplicationSupportsIndirectInputEvents[sdk=iphoneos*]" = YES;
				"INFOPLIST_KEY_UIApplicationSupportsIndirectInputEvents[sdk=iphonesimulator*]" = YES;
				"INFOPLIST_KEY_UILaunchScreen_Generation[sdk=iphoneos*]" = YES;
				"INFOPLIST_KEY_UILaunchScreen_Generation[sdk=iphonesimulator*]" = YES;
				"INFOPLIST_KEY_UIStatusBarStyle[sdk=iphoneos*]" = UIStatusBarStyleDefault;
				"INFOPLIST_KEY_UIStatusBarStyle[sdk=iphonesimulator*]" = UIStatusBarStyleDefault;
				INFOPLIST_KEY_UISupportedInterfaceOrientations_iPad = "UIInterfaceOrientationPortrait UIInterfaceOrientationPortraitUpsideDown UIInterfaceOrientationLandscapeLeft UIInterfaceOrientationLandscapeRight";
				INFOPLIST_KEY_UISupportedInterfaceOrientations_iPhone = "UIInterfaceOrientationPortrait UIInterfaceOrientationLandscapeLeft UIInterfaceOrientationLandscapeRight";
				IPHONEOS_DEPLOYMENT_TARGET = 17.0;
				LD_RUNPATH_SEARCH_PATHS = "@executable_path/Frameworks";
				"LD_RUNPATH_SEARCH_PATHS[sdk=macosx*]" = "@executable_path/../Frameworks";
				MACOSX_DEPLOYMENT_TARGET = 14.0;
				MARKETING_VERSION = 1.0;
				PRODUCT_BUNDLE_IDENTIFIER = "com.automagically.Im-not-mad-at-you";
				PRODUCT_NAME = "$(TARGET_NAME)";
				SDKROOT = auto;
				SUPPORTED_PLATFORMS = "iphoneos iphonesimulator macosx";
				SWIFT_EMIT_LOC_STRINGS = YES;
				SWIFT_VERSION = 5.0;
				TARGETED_DEVICE_FAMILY = "1,2";
				WARNING_CFLAGS = "\"-w -Xanalyzer -analyzer-disable-checker -Xanalyzer com.apple.useless-coretelephony\"";
			};
			name = Debug;
		};
		D4361ACE2B01F16300C436D7 /* Release */ = {
			isa = XCBuildConfiguration;
			buildSettings = {
				ASSETCATALOG_COMPILER_APPICON_NAME = AppIcon;
				ASSETCATALOG_COMPILER_GLOBAL_ACCENT_COLOR_NAME = AccentColor;
				CODE_SIGN_ENTITLEMENTS = "I'm not mad at you/I_m_not_mad_at_you.entitlements";
				CODE_SIGN_STYLE = Automatic;
				CURRENT_PROJECT_VERSION = 1;
				DEVELOPMENT_ASSET_PATHS = "\"I'm not mad at you/Preview Content\"";
				DEVELOPMENT_TEAM = G52BLHGDV4;
				ENABLE_HARDENED_RUNTIME = YES;
				ENABLE_PREVIEWS = YES;
				GENERATE_INFOPLIST_FILE = YES;
				"INFOPLIST_KEY_UIApplicationSceneManifest_Generation[sdk=iphoneos*]" = YES;
				"INFOPLIST_KEY_UIApplicationSceneManifest_Generation[sdk=iphonesimulator*]" = YES;
				"INFOPLIST_KEY_UIApplicationSupportsIndirectInputEvents[sdk=iphoneos*]" = YES;
				"INFOPLIST_KEY_UIApplicationSupportsIndirectInputEvents[sdk=iphonesimulator*]" = YES;
				"INFOPLIST_KEY_UILaunchScreen_Generation[sdk=iphoneos*]" = YES;
				"INFOPLIST_KEY_UILaunchScreen_Generation[sdk=iphonesimulator*]" = YES;
				"INFOPLIST_KEY_UIStatusBarStyle[sdk=iphoneos*]" = UIStatusBarStyleDefault;
				"INFOPLIST_KEY_UIStatusBarStyle[sdk=iphonesimulator*]" = UIStatusBarStyleDefault;
				INFOPLIST_KEY_UISupportedInterfaceOrientations_iPad = "UIInterfaceOrientationPortrait UIInterfaceOrientationPortraitUpsideDown UIInterfaceOrientationLandscapeLeft UIInterfaceOrientationLandscapeRight";
				INFOPLIST_KEY_UISupportedInterfaceOrientations_iPhone = "UIInterfaceOrientationPortrait UIInterfaceOrientationLandscapeLeft UIInterfaceOrientationLandscapeRight";
				IPHONEOS_DEPLOYMENT_TARGET = 17.0;
				LD_RUNPATH_SEARCH_PATHS = "@executable_path/Frameworks";
				"LD_RUNPATH_SEARCH_PATHS[sdk=macosx*]" = "@executable_path/../Frameworks";
				MACOSX_DEPLOYMENT_TARGET = 14.0;
				MARKETING_VERSION = 1.0;
				PRODUCT_BUNDLE_IDENTIFIER = "com.automagically.Im-not-mad-at-you";
				PRODUCT_NAME = "$(TARGET_NAME)";
				SDKROOT = auto;
				SUPPORTED_PLATFORMS = "iphoneos iphonesimulator macosx";
				SWIFT_EMIT_LOC_STRINGS = YES;
				SWIFT_VERSION = 5.0;
				TARGETED_DEVICE_FAMILY = "1,2";
				WARNING_CFLAGS = "\"-w -Xanalyzer -analyzer-disable-checker -Xanalyzer com.apple.useless-coretelephony\"";
			};
			name = Release;
		};
/* End XCBuildConfiguration section */

/* Begin XCConfigurationList section */
		D4361AB82B01F16200C436D7 /* Build configuration list for PBXProject "I'm not mad at you" */ = {
			isa = XCConfigurationList;
			buildConfigurations = (
				D4361ACA2B01F16300C436D7 /* Debug */,
				D4361ACB2B01F16300C436D7 /* Release */,
			);
			defaultConfigurationIsVisible = 0;
			defaultConfigurationName = Release;
		};
		D4361ACC2B01F16300C436D7 /* Build configuration list for PBXNativeTarget "I'm not mad at you" */ = {
			isa = XCConfigurationList;
			buildConfigurations = (
				D4361ACD2B01F16300C436D7 /* Debug */,
				D4361ACE2B01F16300C436D7 /* Release */,
			);
			defaultConfigurationIsVisible = 0;
			defaultConfigurationName = Release;
		};
/* End XCConfigurationList section */

/* Begin XCRemoteSwiftPackageReference section */
		D4BF944E2B04AB71005E79BF /* XCRemoteSwiftPackageReference "firebase-ios-sdk" */ = {
			isa = XCRemoteSwiftPackageReference;
			repositoryURL = "https://github.com/firebase/firebase-ios-sdk";
			requirement = {
				kind = upToNextMajorVersion;
				minimumVersion = 10.18.0;
			};
		};
		D4BF94872B04DB89005E79BF /* XCRemoteSwiftPackageReference "GoogleSignIn-iOS" */ = {
			isa = XCRemoteSwiftPackageReference;
			repositoryURL = "https://github.com/google/GoogleSignIn-iOS";
			requirement = {
				kind = upToNextMajorVersion;
				minimumVersion = 7.0.0;
			};
		};
/* End XCRemoteSwiftPackageReference section */

/* Begin XCSwiftPackageProductDependency section */
		D4BF944F2B04AB71005E79BF /* FirebaseAnalytics */ = {
			isa = XCSwiftPackageProductDependency;
			package = D4BF944E2B04AB71005E79BF /* XCRemoteSwiftPackageReference "firebase-ios-sdk" */;
			productName = FirebaseAnalytics;
		};
		D4BF94512B04AB71005E79BF /* FirebaseAnalyticsOnDeviceConversion */ = {
			isa = XCSwiftPackageProductDependency;
			package = D4BF944E2B04AB71005E79BF /* XCRemoteSwiftPackageReference "firebase-ios-sdk" */;
			productName = FirebaseAnalyticsOnDeviceConversion;
		};
		D4BF94532B04AB71005E79BF /* FirebaseAnalyticsSwift */ = {
			isa = XCSwiftPackageProductDependency;
			package = D4BF944E2B04AB71005E79BF /* XCRemoteSwiftPackageReference "firebase-ios-sdk" */;
			productName = FirebaseAnalyticsSwift;
		};
		D4BF94552B04AB71005E79BF /* FirebaseAnalyticsWithoutAdIdSupport */ = {
			isa = XCSwiftPackageProductDependency;
			package = D4BF944E2B04AB71005E79BF /* XCRemoteSwiftPackageReference "firebase-ios-sdk" */;
			productName = FirebaseAnalyticsWithoutAdIdSupport;
		};
		D4BF94572B04AB71005E79BF /* FirebaseAppCheck */ = {
			isa = XCSwiftPackageProductDependency;
			package = D4BF944E2B04AB71005E79BF /* XCRemoteSwiftPackageReference "firebase-ios-sdk" */;
			productName = FirebaseAppCheck;
		};
		D4BF94592B04AB71005E79BF /* FirebaseAppDistribution-Beta */ = {
			isa = XCSwiftPackageProductDependency;
			package = D4BF944E2B04AB71005E79BF /* XCRemoteSwiftPackageReference "firebase-ios-sdk" */;
			productName = "FirebaseAppDistribution-Beta";
		};
		D4BF945B2B04AB71005E79BF /* FirebaseAuth */ = {
			isa = XCSwiftPackageProductDependency;
			package = D4BF944E2B04AB71005E79BF /* XCRemoteSwiftPackageReference "firebase-ios-sdk" */;
			productName = FirebaseAuth;
		};
		D4BF945D2B04AB71005E79BF /* FirebaseAuthCombine-Community */ = {
			isa = XCSwiftPackageProductDependency;
			package = D4BF944E2B04AB71005E79BF /* XCRemoteSwiftPackageReference "firebase-ios-sdk" */;
			productName = "FirebaseAuthCombine-Community";
		};
		D4BF945F2B04AB71005E79BF /* FirebaseCrashlytics */ = {
			isa = XCSwiftPackageProductDependency;
			package = D4BF944E2B04AB71005E79BF /* XCRemoteSwiftPackageReference "firebase-ios-sdk" */;
			productName = FirebaseCrashlytics;
		};
		D4BF94612B04AB71005E79BF /* FirebaseDatabase */ = {
			isa = XCSwiftPackageProductDependency;
			package = D4BF944E2B04AB71005E79BF /* XCRemoteSwiftPackageReference "firebase-ios-sdk" */;
			productName = FirebaseDatabase;
		};
		D4BF94632B04AB71005E79BF /* FirebaseDatabaseSwift */ = {
			isa = XCSwiftPackageProductDependency;
			package = D4BF944E2B04AB71005E79BF /* XCRemoteSwiftPackageReference "firebase-ios-sdk" */;
			productName = FirebaseDatabaseSwift;
		};
		D4BF94652B04AB71005E79BF /* FirebaseDynamicLinks */ = {
			isa = XCSwiftPackageProductDependency;
			package = D4BF944E2B04AB71005E79BF /* XCRemoteSwiftPackageReference "firebase-ios-sdk" */;
			productName = FirebaseDynamicLinks;
		};
		D4BF94672B04AB71005E79BF /* FirebaseFirestore */ = {
			isa = XCSwiftPackageProductDependency;
			package = D4BF944E2B04AB71005E79BF /* XCRemoteSwiftPackageReference "firebase-ios-sdk" */;
			productName = FirebaseFirestore;
		};
		D4BF94692B04AB71005E79BF /* FirebaseFirestoreCombine-Community */ = {
			isa = XCSwiftPackageProductDependency;
			package = D4BF944E2B04AB71005E79BF /* XCRemoteSwiftPackageReference "firebase-ios-sdk" */;
			productName = "FirebaseFirestoreCombine-Community";
		};
		D4BF946B2B04AB71005E79BF /* FirebaseFirestoreSwift */ = {
			isa = XCSwiftPackageProductDependency;
			package = D4BF944E2B04AB71005E79BF /* XCRemoteSwiftPackageReference "firebase-ios-sdk" */;
			productName = FirebaseFirestoreSwift;
		};
		D4BF946D2B04AB71005E79BF /* FirebaseFunctions */ = {
			isa = XCSwiftPackageProductDependency;
			package = D4BF944E2B04AB71005E79BF /* XCRemoteSwiftPackageReference "firebase-ios-sdk" */;
			productName = FirebaseFunctions;
		};
		D4BF946F2B04AB71005E79BF /* FirebaseFunctionsCombine-Community */ = {
			isa = XCSwiftPackageProductDependency;
			package = D4BF944E2B04AB71005E79BF /* XCRemoteSwiftPackageReference "firebase-ios-sdk" */;
			productName = "FirebaseFunctionsCombine-Community";
		};
		D4BF94712B04AB71005E79BF /* FirebaseInstallations */ = {
			isa = XCSwiftPackageProductDependency;
			package = D4BF944E2B04AB71005E79BF /* XCRemoteSwiftPackageReference "firebase-ios-sdk" */;
			productName = FirebaseInstallations;
		};
		D4BF94732B04AB71005E79BF /* FirebaseMLModelDownloader */ = {
			isa = XCSwiftPackageProductDependency;
			package = D4BF944E2B04AB71005E79BF /* XCRemoteSwiftPackageReference "firebase-ios-sdk" */;
			productName = FirebaseMLModelDownloader;
		};
		D4BF94752B04AB71005E79BF /* FirebaseMessaging */ = {
			isa = XCSwiftPackageProductDependency;
			package = D4BF944E2B04AB71005E79BF /* XCRemoteSwiftPackageReference "firebase-ios-sdk" */;
			productName = FirebaseMessaging;
		};
		D4BF94772B04AB71005E79BF /* FirebasePerformance */ = {
			isa = XCSwiftPackageProductDependency;
			package = D4BF944E2B04AB71005E79BF /* XCRemoteSwiftPackageReference "firebase-ios-sdk" */;
			productName = FirebasePerformance;
		};
		D4BF94792B04AB71005E79BF /* FirebaseRemoteConfig */ = {
			isa = XCSwiftPackageProductDependency;
			package = D4BF944E2B04AB71005E79BF /* XCRemoteSwiftPackageReference "firebase-ios-sdk" */;
			productName = FirebaseRemoteConfig;
		};
		D4BF947B2B04AB71005E79BF /* FirebaseRemoteConfigSwift */ = {
			isa = XCSwiftPackageProductDependency;
			package = D4BF944E2B04AB71005E79BF /* XCRemoteSwiftPackageReference "firebase-ios-sdk" */;
			productName = FirebaseRemoteConfigSwift;
		};
		D4BF947D2B04AB71005E79BF /* FirebaseStorage */ = {
			isa = XCSwiftPackageProductDependency;
			package = D4BF944E2B04AB71005E79BF /* XCRemoteSwiftPackageReference "firebase-ios-sdk" */;
			productName = FirebaseStorage;
		};
		D4BF947F2B04AB71005E79BF /* FirebaseStorageCombine-Community */ = {
			isa = XCSwiftPackageProductDependency;
			package = D4BF944E2B04AB71005E79BF /* XCRemoteSwiftPackageReference "firebase-ios-sdk" */;
			productName = "FirebaseStorageCombine-Community";
		};
		D4BF94882B04DB89005E79BF /* GoogleSignIn */ = {
			isa = XCSwiftPackageProductDependency;
			package = D4BF94872B04DB89005E79BF /* XCRemoteSwiftPackageReference "GoogleSignIn-iOS" */;
			productName = GoogleSignIn;
		};
		D4BF948A2B04DB89005E79BF /* GoogleSignInSwift */ = {
			isa = XCSwiftPackageProductDependency;
			package = D4BF94872B04DB89005E79BF /* XCRemoteSwiftPackageReference "GoogleSignIn-iOS" */;
			productName = GoogleSignInSwift;
		};
/* End XCSwiftPackageProductDependency section */
	};
	rootObject = D4361AB52B01F16200C436D7 /* Project object */;
}
